
Microsoft Visual Studio Solution File, Format Version 12.00
# Visual Studio 15
VisualStudioVersion = 15.0.26430.16
MinimumVisualStudioVersion = 10.0.40219.1
Project("{FAE04EC0-301F-11D3-BF4B-00C04F79EFBC}") = "CSSPServices", "CSSPServices\CSSPServices.csproj", "{9D9EE795-3104-4E2A-8BA0-FD95F1ABAFAE}"
EndProject
Project("{FAE04EC0-301F-11D3-BF4B-00C04F79EFBC}") = "CSSPServices.Tests", "CSSPServices.Tests\CSSPServices.Tests.csproj", "{9B95FB1D-50A7-41B3-B2D6-3BEB4B03B3C3}"
EndProject
Project("{FAE04EC0-301F-11D3-BF4B-00C04F79EFBC}") = "CSSPServicesGenerateCode", "CSSPServicesGenerateCode\CSSPServicesGenerateCode.csproj", "{21E0F335-CEFD-4E57-B38D-135526C22655}"
EndProject
Project("{FAE04EC0-301F-11D3-BF4B-00C04F79EFBC}") = "CSSPServicesGenerateCodeHelper", "CSSPServicesGenerateCodeHelper\CSSPServicesGenerateCodeHelper.csproj", "{6EFF2150-3B14-471C-9014-9AE541E6CCB0}"
EndProject
Global
	GlobalSection(SolutionConfigurationPlatforms) = preSolution
		Debug|Any CPU = Debug|Any CPU
		Release|Any CPU = Release|Any CPU
	EndGlobalSection
	GlobalSection(ProjectConfigurationPlatforms) = postSolution
		{9D9EE795-3104-4E2A-8BA0-FD95F1ABAFAE}.Debug|Any CPU.ActiveCfg = Debug|Any CPU
		{9D9EE795-3104-4E2A-8BA0-FD95F1ABAFAE}.Debug|Any CPU.Build.0 = Debug|Any CPU
		{9D9EE795-3104-4E2A-8BA0-FD95F1ABAFAE}.Release|Any CPU.ActiveCfg = Release|Any CPU
		{9D9EE795-3104-4E2A-8BA0-FD95F1ABAFAE}.Release|Any CPU.Build.0 = Release|Any CPU
		{9B95FB1D-50A7-41B3-B2D6-3BEB4B03B3C3}.Debug|Any CPU.ActiveCfg = Debug|Any CPU
		{9B95FB1D-50A7-41B3-B2D6-3BEB4B03B3C3}.Debug|Any CPU.Build.0 = Debug|Any CPU
		{9B95FB1D-50A7-41B3-B2D6-3BEB4B03B3C3}.Release|Any CPU.ActiveCfg = Release|Any CPU
		{9B95FB1D-50A7-41B3-B2D6-3BEB4B03B3C3}.Release|Any CPU.Build.0 = Release|Any CPU
		{21E0F335-CEFD-4E57-B38D-135526C22655}.Debug|Any CPU.ActiveCfg = Debug|Any CPU
		{21E0F335-CEFD-4E57-B38D-135526C22655}.Debug|Any CPU.Build.0 = Debug|Any CPU
		{21E0F335-CEFD-4E57-B38D-135526C22655}.Release|Any CPU.ActiveCfg = Release|Any CPU
		{21E0F335-CEFD-4E57-B38D-135526C22655}.Release|Any CPU.Build.0 = Release|Any CPU
		{6EFF2150-3B14-471C-9014-9AE541E6CCB0}.Debug|Any CPU.ActiveCfg = Debug|Any CPU
		{6EFF2150-3B14-471C-9014-9AE541E6CCB0}.Debug|Any CPU.Build.0 = Debug|Any CPU
		{6EFF2150-3B14-471C-9014-9AE541E6CCB0}.Release|Any CPU.ActiveCfg = Release|Any CPU
		{6EFF2150-3B14-471C-9014-9AE541E6CCB0}.Release|Any CPU.Build.0 = Release|Any CPU
	EndGlobalSection
	GlobalSection(SolutionProperties) = preSolution
		HideSolutionNode = FALSE
	EndGlobalSection
EndGlobal
